
Microsoft Visual Studio Solution File, Format Version 12.00
Project("{FAE04EC0-301F-11D3-BF4B-00C04F79EFBC}") = "TestForVersta", "TestForVersta\TestForVersta.csproj", "{8EFE9AD6-AE83-49C0-9A87-60036947AE2D}"
EndProject
Project("{FAE04EC0-301F-11D3-BF4B-00C04F79EFBC}") = "TestForVersta.BLL", "TestForVersta.BLL\TestForVersta.BLL.csproj", "{A2D48CD8-BE1C-4965-9C93-27B62443A6F5}"
EndProject
Project("{FAE04EC0-301F-11D3-BF4B-00C04F79EFBC}") = "TestForVersta.DAL", "TestForVersta.DAL\TestForVersta.DAL.csproj", "{0618FEB0-1A1E-49F7-BFFC-93D94E12B09A}"
EndProject
Project("{2150E333-8FDC-42A3-9474-1A3956D46DE8}") = "Tests", "Tests", "{760CEAF4-5D05-4557-9570-F89C6A29A2D1}"
EndProject
Project("{FAE04EC0-301F-11D3-BF4B-00C04F79EFBC}") = "TestForVersta.BLL.UnitTests", "TestForVersta.BLL.UnitTests\TestForVersta.BLL.UnitTests.csproj", "{95F936B1-AAB1-490D-BFC2-AF7E64823A0E}"
EndProject
Project("{FAE04EC0-301F-11D3-BF4B-00C04F79EFBC}") = "TestForVersta.Tests", "TestForVersta.Tests\TestForVersta.Tests.csproj", "{8943A6A7-8591-49DA-A3FC-B15C723260B4}"
EndProject
Project("{FAE04EC0-301F-11D3-BF4B-00C04F79EFBC}") = "TestForVersta.DAL.UnitTests", "TestForVersta.DAL.UnitTests\TestForVersta.DAL.UnitTests.csproj", "{C6FAEC24-5250-4AED-82D8-7CF04F10B79D}"
EndProject
Global
	GlobalSection(SolutionConfigurationPlatforms) = preSolution
		Debug|Any CPU = Debug|Any CPU
		Release|Any CPU = Release|Any CPU
	EndGlobalSection
	GlobalSection(ProjectConfigurationPlatforms) = postSolution
		{8EFE9AD6-AE83-49C0-9A87-60036947AE2D}.Debug|Any CPU.ActiveCfg = Debug|Any CPU
		{8EFE9AD6-AE83-49C0-9A87-60036947AE2D}.Debug|Any CPU.Build.0 = Debug|Any CPU
		{8EFE9AD6-AE83-49C0-9A87-60036947AE2D}.Release|Any CPU.ActiveCfg = Release|Any CPU
		{8EFE9AD6-AE83-49C0-9A87-60036947AE2D}.Release|Any CPU.Build.0 = Release|Any CPU
		{A2D48CD8-BE1C-4965-9C93-27B62443A6F5}.Debug|Any CPU.ActiveCfg = Debug|Any CPU
		{A2D48CD8-BE1C-4965-9C93-27B62443A6F5}.Debug|Any CPU.Build.0 = Debug|Any CPU
		{A2D48CD8-BE1C-4965-9C93-27B62443A6F5}.Release|Any CPU.ActiveCfg = Release|Any CPU
		{A2D48CD8-BE1C-4965-9C93-27B62443A6F5}.Release|Any CPU.Build.0 = Release|Any CPU
		{0618FEB0-1A1E-49F7-BFFC-93D94E12B09A}.Debug|Any CPU.ActiveCfg = Debug|Any CPU
		{0618FEB0-1A1E-49F7-BFFC-93D94E12B09A}.Debug|Any CPU.Build.0 = Debug|Any CPU
		{0618FEB0-1A1E-49F7-BFFC-93D94E12B09A}.Release|Any CPU.ActiveCfg = Release|Any CPU
		{0618FEB0-1A1E-49F7-BFFC-93D94E12B09A}.Release|Any CPU.Build.0 = Release|Any CPU
		{95F936B1-AAB1-490D-BFC2-AF7E64823A0E}.Debug|Any CPU.ActiveCfg = Debug|Any CPU
		{95F936B1-AAB1-490D-BFC2-AF7E64823A0E}.Debug|Any CPU.Build.0 = Debug|Any CPU
		{95F936B1-AAB1-490D-BFC2-AF7E64823A0E}.Release|Any CPU.ActiveCfg = Release|Any CPU
		{95F936B1-AAB1-490D-BFC2-AF7E64823A0E}.Release|Any CPU.Build.0 = Release|Any CPU
		{8943A6A7-8591-49DA-A3FC-B15C723260B4}.Debug|Any CPU.ActiveCfg = Debug|Any CPU
		{8943A6A7-8591-49DA-A3FC-B15C723260B4}.Debug|Any CPU.Build.0 = Debug|Any CPU
		{8943A6A7-8591-49DA-A3FC-B15C723260B4}.Release|Any CPU.ActiveCfg = Release|Any CPU
		{8943A6A7-8591-49DA-A3FC-B15C723260B4}.Release|Any CPU.Build.0 = Release|Any CPU
		{C6FAEC24-5250-4AED-82D8-7CF04F10B79D}.Debug|Any CPU.ActiveCfg = Debug|Any CPU
		{C6FAEC24-5250-4AED-82D8-7CF04F10B79D}.Debug|Any CPU.Build.0 = Debug|Any CPU
		{C6FAEC24-5250-4AED-82D8-7CF04F10B79D}.Release|Any CPU.ActiveCfg = Release|Any CPU
		{C6FAEC24-5250-4AED-82D8-7CF04F10B79D}.Release|Any CPU.Build.0 = Release|Any CPU
	EndGlobalSection
	GlobalSection(NestedProjects) = preSolution
		{95F936B1-AAB1-490D-BFC2-AF7E64823A0E} = {760CEAF4-5D05-4557-9570-F89C6A29A2D1}
		{8943A6A7-8591-49DA-A3FC-B15C723260B4} = {760CEAF4-5D05-4557-9570-F89C6A29A2D1}
		{C6FAEC24-5250-4AED-82D8-7CF04F10B79D} = {760CEAF4-5D05-4557-9570-F89C6A29A2D1}
	EndGlobalSection
EndGlobal
